
Microsoft Visual Studio Solution File, Format Version 12.00
# Visual Studio 15
VisualStudioVersion = 15.0.28307.1169
MinimumVisualStudioVersion = 10.0.40219.1
Project("{8BC9CEB8-8B4A-11D0-8D11-00A0C91BC942}") = "GoveeBTTempLogger", "GoveeBTTempLogger.vcxproj", "{87469263-8DEA-4963-9E12-C4F20FA83479}"
EndProject
Global
	GlobalSection(SolutionConfigurationPlatforms) = preSolution
		Debug|ARM = Debug|ARM
		Debug|ARM64 = Debug|ARM64
		Release|ARM = Release|ARM
		Release|ARM64 = Release|ARM64
	EndGlobalSection
	GlobalSection(ProjectConfigurationPlatforms) = postSolution
		{87469263-8DEA-4963-9E12-C4F20FA83479}.Debug|ARM.ActiveCfg = Debug|ARM
		{87469263-8DEA-4963-9E12-C4F20FA83479}.Debug|ARM.Build.0 = Debug|ARM
		{87469263-8DEA-4963-9E12-C4F20FA83479}.Debug|ARM64.ActiveCfg = Debug|ARM64
		{87469263-8DEA-4963-9E12-C4F20FA83479}.Debug|ARM64.Build.0 = Debug|ARM64
		{87469263-8DEA-4963-9E12-C4F20FA83479}.Release|ARM.ActiveCfg = Release|ARM
		{87469263-8DEA-4963-9E12-C4F20FA83479}.Release|ARM.Build.0 = Release|ARM
		{87469263-8DEA-4963-9E12-C4F20FA83479}.Release|ARM64.ActiveCfg = Release|ARM64
		{87469263-8DEA-4963-9E12-C4F20FA83479}.Release|ARM64.Build.0 = Release|ARM64
	EndGlobalSection
	GlobalSection(SolutionProperties) = preSolution
		HideSolutionNode = FALSE
	EndGlobalSection
	GlobalSection(ExtensibilityGlobals) = postSolution
		SolutionGuid = {3E80525F-F261-4947-B037-CD90D3F6D3FE}
	EndGlobalSection
EndGlobal
